
Microsoft Visual Studio Solution File, Format Version 12.00
# Visual Studio Version 16
VisualStudioVersion = 16.0.30804.86
MinimumVisualStudioVersion = 10.0.40219.1
Project("{9A19103F-16F7-4668-BE54-9A1E7A4F7556}") = "BlazorWebsite", "BlazorWebsite.csproj", "{81676A45-13C0-41C9-8A62-26E1DE4DD2C6}"
EndProject
Global
	GlobalSection(SolutionConfigurationPlatforms) = preSolution
		Debug|Any CPU = Debug|Any CPU
		Release|Any CPU = Release|Any CPU
	EndGlobalSection
	GlobalSection(ProjectConfigurationPlatforms) = postSolution
		{81676A45-13C0-41C9-8A62-26E1DE4DD2C6}.Debug|Any CPU.ActiveCfg = Debug|Any CPU
		{81676A45-13C0-41C9-8A62-26E1DE4DD2C6}.Debug|Any CPU.Build.0 = Debug|Any CPU
		{81676A45-13C0-41C9-8A62-26E1DE4DD2C6}.Release|Any CPU.ActiveCfg = Release|Any CPU
		{81676A45-13C0-41C9-8A62-26E1DE4DD2C6}.Release|Any CPU.Build.0 = Release|Any CPU
	EndGlobalSection
	GlobalSection(SolutionProperties) = preSolution
		HideSolutionNode = FALSE
	EndGlobalSection
	GlobalSection(ExtensibilityGlobals) = postSolution
		SolutionGuid = {D08261F8-02F3-4CFF-A3CB-2397B1991EAE}
	EndGlobalSection
EndGlobal
